// !$*UTF8*$!
{
	archiveVersion = 1;
	classes = {
	};
	objectVersion = 56;
	objects = {

/* Begin PBXBuildFile section */
		420489707474D1E65BD00B1C /* Pods_Peny.framework in Frameworks */ = {isa = PBXBuildFile; fileRef = E06A086705A273FAE140E0B7 /* Pods_Peny.framework */; };
		7C1454E82AD5E3BE00B6E605 /* AppDelegate.swift in Sources */ = {isa = PBXBuildFile; fileRef = 7C1454E72AD5E3BE00B6E605 /* AppDelegate.swift */; };
		7C1454EC2AD5E3BE00B6E605 /* PetLoginVC.swift in Sources */ = {isa = PBXBuildFile; fileRef = 7C1454EB2AD5E3BE00B6E605 /* PetLoginVC.swift */; };
		7C1454F12AD5E3BF00B6E605 /* Assets.xcassets in Resources */ = {isa = PBXBuildFile; fileRef = 7C1454F02AD5E3BF00B6E605 /* Assets.xcassets */; };
		7C1454F42AD5E3BF00B6E605 /* LaunchScreen.storyboard in Resources */ = {isa = PBXBuildFile; fileRef = 7C1454F22AD5E3BF00B6E605 /* LaunchScreen.storyboard */; };
		7C1455332AD826F500B6E605 /* PetButton.swift in Sources */ = {isa = PBXBuildFile; fileRef = 7C1455322AD826F500B6E605 /* PetButton.swift */; };
		7C1455352AD837FB00B6E605 /* PetTextField.swift in Sources */ = {isa = PBXBuildFile; fileRef = 7C1455342AD837FB00B6E605 /* PetTextField.swift */; };
		7C1455382AD92E6800B6E605 /* PetLabel.swift in Sources */ = {isa = PBXBuildFile; fileRef = 7C1455372AD92E6800B6E605 /* PetLabel.swift */; };
		7C14553C2AD93A5A00B6E605 /* PetLoginButtons.swift in Sources */ = {isa = PBXBuildFile; fileRef = 7C14553B2AD93A5A00B6E605 /* PetLoginButtons.swift */; };
		7C14553E2ADAE41200B6E605 /* PetFieldsView.swift in Sources */ = {isa = PBXBuildFile; fileRef = 7C14553D2ADAE41200B6E605 /* PetFieldsView.swift */; };
		7C1455402ADB13A200B6E605 /* PetRestorePasswordVC.swift in Sources */ = {isa = PBXBuildFile; fileRef = 7C14553F2ADB13A200B6E605 /* PetRestorePasswordVC.swift */; };
		7C1455442AE1A7B200B6E605 /* PetLabelInstructions.swift in Sources */ = {isa = PBXBuildFile; fileRef = 7C1455432AE1A7B200B6E605 /* PetLabelInstructions.swift */; };
		7C1455482AE1CF1B00B6E605 /* RegistrationVC.swift in Sources */ = {isa = PBXBuildFile; fileRef = 7C1455472AE1CF1B00B6E605 /* RegistrationVC.swift */; };
		7C14554A2AE7F31100B6E605 /* PetLabelTextFieldView.swift in Sources */ = {isa = PBXBuildFile; fileRef = 7C1455492AE7F31100B6E605 /* PetLabelTextFieldView.swift */; };
		7C1455522AE9081800B6E605 /* ViewControllerDemo.swift in Sources */ = {isa = PBXBuildFile; fileRef = 7C1455512AE9081800B6E605 /* ViewControllerDemo.swift */; };
		7C1455B62AEADB8800B6E605 /* Coordinator.swift in Sources */ = {isa = PBXBuildFile; fileRef = 7C1455B52AEADB8800B6E605 /* Coordinator.swift */; };
		7C1455BC2AEADE2200B6E605 /* ModuleFactory.swift in Sources */ = {isa = PBXBuildFile; fileRef = 7C1455BB2AEADE2200B6E605 /* ModuleFactory.swift */; };
		7C1455BE2AEADFD400B6E605 /* FlowController.swift in Sources */ = {isa = PBXBuildFile; fileRef = 7C1455BD2AEADFD400B6E605 /* FlowController.swift */; };
		7C1455C12AEAE4D000B6E605 /* UserData.swift in Sources */ = {isa = PBXBuildFile; fileRef = 7C1455C02AEAE4D000B6E605 /* UserData.swift */; };
		7C1455C32AEAEC2F00B6E605 /* CoordinatorFactory.swift in Sources */ = {isa = PBXBuildFile; fileRef = 7C1455C22AEAEC2F00B6E605 /* CoordinatorFactory.swift */; };
		7C1455C52AEB06CE00B6E605 /* AppCoordinator.swift in Sources */ = {isa = PBXBuildFile; fileRef = 7C1455C42AEB06CE00B6E605 /* AppCoordinator.swift */; };
		7C6C2E4F2B0FD0A500006430 /* PetButtonCell.swift in Sources */ = {isa = PBXBuildFile; fileRef = 7C6C2E4E2B0FD0A500006430 /* PetButtonCell.swift */; };
		7C6C2E552B0FE75700006430 /* HeaderMenCell.swift in Sources */ = {isa = PBXBuildFile; fileRef = 7C6C2E542B0FE75700006430 /* HeaderMenCell.swift */; };
		7C6C2E572B0FEDD200006430 /* MenButtonCell.swift in Sources */ = {isa = PBXBuildFile; fileRef = 7C6C2E562B0FEDD200006430 /* MenButtonCell.swift */; };
		7C6C2E642B15139F00006430 /* LoadImageCell.swift in Sources */ = {isa = PBXBuildFile; fileRef = 7C6C2E632B15139F00006430 /* LoadImageCell.swift */; };
		7C6C2E9A2B167A6F00006430 /* GalleryCell.swift in Sources */ = {isa = PBXBuildFile; fileRef = 7C6C2E992B167A6F00006430 /* GalleryCell.swift */; };
		7C6C2ED92B56C92100006430 /* ImageCell.swift in Sources */ = {isa = PBXBuildFile; fileRef = 7C6C2ED82B56C92100006430 /* ImageCell.swift */; };
		7C6C2EDC2B56CA9E00006430 /* LoginViewModel.swift in Sources */ = {isa = PBXBuildFile; fileRef = 7C6C2EDB2B56CA9E00006430 /* LoginViewModel.swift */; };
		7C6C2EDE2B56CABF00006430 /* RegisterViewModel.swift in Sources */ = {isa = PBXBuildFile; fileRef = 7C6C2EDD2B56CABF00006430 /* RegisterViewModel.swift */; };
		7C6C2EE12B56D4DC00006430 /* AuthCoordinator.swift in Sources */ = {isa = PBXBuildFile; fileRef = 7C6C2EE02B56D4DC00006430 /* AuthCoordinator.swift */; };
		7C6C2EE32B5876B900006430 /* RestorePasswordViewModel.swift in Sources */ = {isa = PBXBuildFile; fileRef = 7C6C2EE22B5876B900006430 /* RestorePasswordViewModel.swift */; };
		7CD318822AF45986005329D6 /* RegistrationCell.swift in Sources */ = {isa = PBXBuildFile; fileRef = 7CD318812AF45986005329D6 /* RegistrationCell.swift */; };
		7CD318862AF6A9C2005329D6 /* PetRegistarationVC.swift in Sources */ = {isa = PBXBuildFile; fileRef = 7CD318852AF6A9C2005329D6 /* PetRegistarationVC.swift */; };
		7CD318CA2B0400A3005329D6 /* MainInformationCell.swift in Sources */ = {isa = PBXBuildFile; fileRef = 7CD318C92B0400A3005329D6 /* MainInformationCell.swift */; };
		7CD318CC2B040D2D005329D6 /* HeaderPetCell.swift in Sources */ = {isa = PBXBuildFile; fileRef = 7CD318CB2B040D2D005329D6 /* HeaderPetCell.swift */; };
/* End PBXBuildFile section */

/* Begin PBXFileReference section */
		656ADF8D29A503ABEDB1C9B7 /* Pods-Peny.debug.xcconfig */ = {isa = PBXFileReference; includeInIndex = 1; lastKnownFileType = text.xcconfig; name = "Pods-Peny.debug.xcconfig"; path = "Target Support Files/Pods-Peny/Pods-Peny.debug.xcconfig"; sourceTree = "<group>"; };
		7C1454E42AD5E3BE00B6E605 /* Peny.app */ = {isa = PBXFileReference; explicitFileType = wrapper.application; includeInIndex = 0; path = Peny.app; sourceTree = BUILT_PRODUCTS_DIR; };
		7C1454E72AD5E3BE00B6E605 /* AppDelegate.swift */ = {isa = PBXFileReference; lastKnownFileType = sourcecode.swift; path = AppDelegate.swift; sourceTree = "<group>"; };
		7C1454EB2AD5E3BE00B6E605 /* PetLoginVC.swift */ = {isa = PBXFileReference; lastKnownFileType = sourcecode.swift; path = PetLoginVC.swift; sourceTree = "<group>"; };
		7C1454F02AD5E3BF00B6E605 /* Assets.xcassets */ = {isa = PBXFileReference; lastKnownFileType = folder.assetcatalog; path = Assets.xcassets; sourceTree = "<group>"; };
		7C1454F32AD5E3BF00B6E605 /* Base */ = {isa = PBXFileReference; lastKnownFileType = file.storyboard; name = Base; path = Base.lproj/LaunchScreen.storyboard; sourceTree = "<group>"; };
		7C1454F52AD5E3BF00B6E605 /* Info.plist */ = {isa = PBXFileReference; lastKnownFileType = text.plist.xml; path = Info.plist; sourceTree = "<group>"; };
		7C1455322AD826F500B6E605 /* PetButton.swift */ = {isa = PBXFileReference; lastKnownFileType = sourcecode.swift; path = PetButton.swift; sourceTree = "<group>"; };
		7C1455342AD837FB00B6E605 /* PetTextField.swift */ = {isa = PBXFileReference; lastKnownFileType = sourcecode.swift; path = PetTextField.swift; sourceTree = "<group>"; };
		7C1455372AD92E6800B6E605 /* PetLabel.swift */ = {isa = PBXFileReference; lastKnownFileType = sourcecode.swift; path = PetLabel.swift; sourceTree = "<group>"; };
		7C14553B2AD93A5A00B6E605 /* PetLoginButtons.swift */ = {isa = PBXFileReference; lastKnownFileType = sourcecode.swift; path = PetLoginButtons.swift; sourceTree = "<group>"; };
		7C14553D2ADAE41200B6E605 /* PetFieldsView.swift */ = {isa = PBXFileReference; lastKnownFileType = sourcecode.swift; path = PetFieldsView.swift; sourceTree = "<group>"; };
		7C14553F2ADB13A200B6E605 /* PetRestorePasswordVC.swift */ = {isa = PBXFileReference; lastKnownFileType = sourcecode.swift; path = PetRestorePasswordVC.swift; sourceTree = "<group>"; };
		7C1455432AE1A7B200B6E605 /* PetLabelInstructions.swift */ = {isa = PBXFileReference; lastKnownFileType = sourcecode.swift; path = PetLabelInstructions.swift; sourceTree = "<group>"; };
		7C1455472AE1CF1B00B6E605 /* RegistrationVC.swift */ = {isa = PBXFileReference; lastKnownFileType = sourcecode.swift; path = RegistrationVC.swift; sourceTree = "<group>"; };
		7C1455492AE7F31100B6E605 /* PetLabelTextFieldView.swift */ = {isa = PBXFileReference; lastKnownFileType = sourcecode.swift; path = PetLabelTextFieldView.swift; sourceTree = "<group>"; };
		7C1455512AE9081800B6E605 /* ViewControllerDemo.swift */ = {isa = PBXFileReference; lastKnownFileType = sourcecode.swift; path = ViewControllerDemo.swift; sourceTree = "<group>"; };
		7C1455B52AEADB8800B6E605 /* Coordinator.swift */ = {isa = PBXFileReference; lastKnownFileType = sourcecode.swift; path = Coordinator.swift; sourceTree = "<group>"; };
		7C1455BB2AEADE2200B6E605 /* ModuleFactory.swift */ = {isa = PBXFileReference; lastKnownFileType = sourcecode.swift; path = ModuleFactory.swift; sourceTree = "<group>"; };
		7C1455BD2AEADFD400B6E605 /* FlowController.swift */ = {isa = PBXFileReference; lastKnownFileType = sourcecode.swift; path = FlowController.swift; sourceTree = "<group>"; };
		7C1455C02AEAE4D000B6E605 /* UserData.swift */ = {isa = PBXFileReference; lastKnownFileType = sourcecode.swift; path = UserData.swift; sourceTree = "<group>"; };
		7C1455C22AEAEC2F00B6E605 /* CoordinatorFactory.swift */ = {isa = PBXFileReference; lastKnownFileType = sourcecode.swift; path = CoordinatorFactory.swift; sourceTree = "<group>"; };
		7C1455C42AEB06CE00B6E605 /* AppCoordinator.swift */ = {isa = PBXFileReference; lastKnownFileType = sourcecode.swift; path = AppCoordinator.swift; sourceTree = "<group>"; };
		7C6C2E4E2B0FD0A500006430 /* PetButtonCell.swift */ = {isa = PBXFileReference; lastKnownFileType = sourcecode.swift; path = PetButtonCell.swift; sourceTree = "<group>"; };
		7C6C2E542B0FE75700006430 /* HeaderMenCell.swift */ = {isa = PBXFileReference; lastKnownFileType = sourcecode.swift; path = HeaderMenCell.swift; sourceTree = "<group>"; };
		7C6C2E562B0FEDD200006430 /* MenButtonCell.swift */ = {isa = PBXFileReference; lastKnownFileType = sourcecode.swift; path = MenButtonCell.swift; sourceTree = "<group>"; };
		7C6C2E632B15139F00006430 /* LoadImageCell.swift */ = {isa = PBXFileReference; lastKnownFileType = sourcecode.swift; path = LoadImageCell.swift; sourceTree = "<group>"; };
		7C6C2E992B167A6F00006430 /* GalleryCell.swift */ = {isa = PBXFileReference; lastKnownFileType = sourcecode.swift; path = GalleryCell.swift; sourceTree = "<group>"; };
		7C6C2ED82B56C92100006430 /* ImageCell.swift */ = {isa = PBXFileReference; lastKnownFileType = sourcecode.swift; path = ImageCell.swift; sourceTree = "<group>"; };
		7C6C2EDB2B56CA9E00006430 /* LoginViewModel.swift */ = {isa = PBXFileReference; lastKnownFileType = sourcecode.swift; path = LoginViewModel.swift; sourceTree = "<group>"; };
		7C6C2EDD2B56CABF00006430 /* RegisterViewModel.swift */ = {isa = PBXFileReference; lastKnownFileType = sourcecode.swift; path = RegisterViewModel.swift; sourceTree = "<group>"; };
		7C6C2EE02B56D4DC00006430 /* AuthCoordinator.swift */ = {isa = PBXFileReference; lastKnownFileType = sourcecode.swift; path = AuthCoordinator.swift; sourceTree = "<group>"; };
		7C6C2EE22B5876B900006430 /* RestorePasswordViewModel.swift */ = {isa = PBXFileReference; lastKnownFileType = sourcecode.swift; path = RestorePasswordViewModel.swift; sourceTree = "<group>"; };
		7CD318812AF45986005329D6 /* RegistrationCell.swift */ = {isa = PBXFileReference; lastKnownFileType = sourcecode.swift; path = RegistrationCell.swift; sourceTree = "<group>"; };
		7CD318852AF6A9C2005329D6 /* PetRegistarationVC.swift */ = {isa = PBXFileReference; lastKnownFileType = sourcecode.swift; path = PetRegistarationVC.swift; sourceTree = "<group>"; };
		7CD318C92B0400A3005329D6 /* MainInformationCell.swift */ = {isa = PBXFileReference; lastKnownFileType = sourcecode.swift; path = MainInformationCell.swift; sourceTree = "<group>"; };
		7CD318CB2B040D2D005329D6 /* HeaderPetCell.swift */ = {isa = PBXFileReference; lastKnownFileType = sourcecode.swift; path = HeaderPetCell.swift; sourceTree = "<group>"; };
		E06A086705A273FAE140E0B7 /* Pods_Peny.framework */ = {isa = PBXFileReference; explicitFileType = wrapper.framework; includeInIndex = 0; path = Pods_Peny.framework; sourceTree = BUILT_PRODUCTS_DIR; };
		E4A798A8E9CE798D5D30E424 /* Pods-Peny.release.xcconfig */ = {isa = PBXFileReference; includeInIndex = 1; lastKnownFileType = text.xcconfig; name = "Pods-Peny.release.xcconfig"; path = "Target Support Files/Pods-Peny/Pods-Peny.release.xcconfig"; sourceTree = "<group>"; };
/* End PBXFileReference section */

/* Begin PBXFrameworksBuildPhase section */
		7C1454E12AD5E3BE00B6E605 /* Frameworks */ = {
			isa = PBXFrameworksBuildPhase;
			buildActionMask = 2147483647;
			files = (
				420489707474D1E65BD00B1C /* Pods_Peny.framework in Frameworks */,
			);
			runOnlyForDeploymentPostprocessing = 0;
		};
/* End PBXFrameworksBuildPhase section */

/* Begin PBXGroup section */
		3452C5CEFB2DB77B3E322505 /* Pods */ = {
			isa = PBXGroup;
			children = (
				656ADF8D29A503ABEDB1C9B7 /* Pods-Peny.debug.xcconfig */,
				E4A798A8E9CE798D5D30E424 /* Pods-Peny.release.xcconfig */,
			);
			path = Pods;
			sourceTree = "<group>";
		};
		3F9954797FE98D31C96B88EC /* Frameworks */ = {
			isa = PBXGroup;
			children = (
				E06A086705A273FAE140E0B7 /* Pods_Peny.framework */,
			);
			name = Frameworks;
			sourceTree = "<group>";
		};
		7C1454DB2AD5E3BE00B6E605 = {
			isa = PBXGroup;
			children = (
				7C1454E62AD5E3BE00B6E605 /* Peny */,
				7C1454E52AD5E3BE00B6E605 /* Products */,
				3452C5CEFB2DB77B3E322505 /* Pods */,
				3F9954797FE98D31C96B88EC /* Frameworks */,
			);
			sourceTree = "<group>";
		};
		7C1454E52AD5E3BE00B6E605 /* Products */ = {
			isa = PBXGroup;
			children = (
				7C1454E42AD5E3BE00B6E605 /* Peny.app */,
			);
			name = Products;
			sourceTree = "<group>";
		};
		7C1454E62AD5E3BE00B6E605 /* Peny */ = {
			isa = PBXGroup;
			children = (
				7C6C2EDF2B56D4B200006430 /* Auth */,
				7C1455BF2AEAE4B900B6E605 /* ViewModel */,
				7C1455BA2AEADE0C00B6E605 /* Factories */,
				7C1455B72AEADC9800B6E605 /* Coordinators */,
				7C1455B42AEADB6D00B6E605 /* Base */,
				7C1455362AD83CD600B6E605 /* Resources */,
				7C1455312AD825F300B6E605 /* Custom Views */,
				7C1455302AD825E200B6E605 /* Screens */,
				7C1454F52AD5E3BF00B6E605 /* Info.plist */,
			);
			path = Peny;
			sourceTree = "<group>";
		};
		7C1455302AD825E200B6E605 /* Screens */ = {
			isa = PBXGroup;
			children = (
				7C1454EB2AD5E3BE00B6E605 /* PetLoginVC.swift */,
				7C14553F2ADB13A200B6E605 /* PetRestorePasswordVC.swift */,
				7C1455472AE1CF1B00B6E605 /* RegistrationVC.swift */,
				7CD318852AF6A9C2005329D6 /* PetRegistarationVC.swift */,
				7C1455512AE9081800B6E605 /* ViewControllerDemo.swift */,
			);
			path = Screens;
			sourceTree = "<group>";
		};
		7C1455312AD825F300B6E605 /* Custom Views */ = {
			isa = PBXGroup;
			children = (
				7CD318802AF45956005329D6 /* Cells */,
				7C6C2E532B0FE51E00006430 /* Views */,
				7C6C2E522B0FE50E00006430 /* Buttons */,
				7C6C2E512B0FE4B100006430 /* Labels */,
				7C6C2E502B0FE46300006430 /* TextFields */,
			);
			path = "Custom Views";
			sourceTree = "<group>";
		};
		7C1455362AD83CD600B6E605 /* Resources */ = {
			isa = PBXGroup;
			children = (
				7C1454F22AD5E3BF00B6E605 /* LaunchScreen.storyboard */,
				7C1454F02AD5E3BF00B6E605 /* Assets.xcassets */,
				7C1454E72AD5E3BE00B6E605 /* AppDelegate.swift */,
			);
			path = Resources;
			sourceTree = "<group>";
		};
		7C1455B42AEADB6D00B6E605 /* Base */ = {
			isa = PBXGroup;
			children = (
				7C1455B52AEADB8800B6E605 /* Coordinator.swift */,
				7C1455BD2AEADFD400B6E605 /* FlowController.swift */,
			);
			path = Base;
			sourceTree = "<group>";
		};
		7C1455B72AEADC9800B6E605 /* Coordinators */ = {
			isa = PBXGroup;
			children = (
				7C1455C42AEB06CE00B6E605 /* AppCoordinator.swift */,
			);
			path = Coordinators;
			sourceTree = "<group>";
		};
		7C1455BA2AEADE0C00B6E605 /* Factories */ = {
			isa = PBXGroup;
			children = (
				7C1455BB2AEADE2200B6E605 /* ModuleFactory.swift */,
				7C1455C22AEAEC2F00B6E605 /* CoordinatorFactory.swift */,
			);
			path = Factories;
			sourceTree = "<group>";
		};
		7C1455BF2AEAE4B900B6E605 /* ViewModel */ = {
			isa = PBXGroup;
			children = (
				7C1455C02AEAE4D000B6E605 /* UserData.swift */,
				7C6C2EDB2B56CA9E00006430 /* LoginViewModel.swift */,
				7C6C2EDD2B56CABF00006430 /* RegisterViewModel.swift */,
				7C6C2EE22B5876B900006430 /* RestorePasswordViewModel.swift */,
			);
			path = ViewModel;
			sourceTree = "<group>";
		};
		7C6C2E502B0FE46300006430 /* TextFields */ = {
			isa = PBXGroup;
			children = (
				7C1455342AD837FB00B6E605 /* PetTextField.swift */,
			);
			path = TextFields;
			sourceTree = "<group>";
		};
		7C6C2E512B0FE4B100006430 /* Labels */ = {
			isa = PBXGroup;
			children = (
				7C1455372AD92E6800B6E605 /* PetLabel.swift */,
				7C1455432AE1A7B200B6E605 /* PetLabelInstructions.swift */,
			);
			path = Labels;
			sourceTree = "<group>";
		};
		7C6C2E522B0FE50E00006430 /* Buttons */ = {
			isa = PBXGroup;
			children = (
				7C1455322AD826F500B6E605 /* PetButton.swift */,
				7C14553B2AD93A5A00B6E605 /* PetLoginButtons.swift */,
			);
			path = Buttons;
			sourceTree = "<group>";
		};
		7C6C2E532B0FE51E00006430 /* Views */ = {
			isa = PBXGroup;
			children = (
				7C14553D2ADAE41200B6E605 /* PetFieldsView.swift */,
				7C1455492AE7F31100B6E605 /* PetLabelTextFieldView.swift */,
			);
			path = Views;
			sourceTree = "<group>";
		};
		7C6C2EDF2B56D4B200006430 /* Auth */ = {
			isa = PBXGroup;
			children = (
				7C6C2EE02B56D4DC00006430 /* AuthCoordinator.swift */,
			);
			path = Auth;
			sourceTree = "<group>";
		};
		7CD318802AF45956005329D6 /* Cells */ = {
			isa = PBXGroup;
			children = (
				7C6C2E542B0FE75700006430 /* HeaderMenCell.swift */,
				7CD318CB2B040D2D005329D6 /* HeaderPetCell.swift */,
				7CD318C92B0400A3005329D6 /* MainInformationCell.swift */,
				7CD318812AF45986005329D6 /* RegistrationCell.swift */,
				7C6C2E562B0FEDD200006430 /* MenButtonCell.swift */,
				7C6C2E632B15139F00006430 /* LoadImageCell.swift */,
				7C6C2ED82B56C92100006430 /* ImageCell.swift */,
				7C6C2E992B167A6F00006430 /* GalleryCell.swift */,
				7C6C2E4E2B0FD0A500006430 /* PetButtonCell.swift */,
			);
			path = Cells;
			sourceTree = "<group>";
		};
/* End PBXGroup section */

/* Begin PBXNativeTarget section */
		7C1454E32AD5E3BE00B6E605 /* Peny */ = {
			isa = PBXNativeTarget;
			buildConfigurationList = 7C1454F82AD5E3BF00B6E605 /* Build configuration list for PBXNativeTarget "Peny" */;
			buildPhases = (
				5E8151F371014E3E8D11EFA5 /* [CP] Check Pods Manifest.lock */,
				7C1454E02AD5E3BE00B6E605 /* Sources */,
				7C1454E12AD5E3BE00B6E605 /* Frameworks */,
				7C1454E22AD5E3BE00B6E605 /* Resources */,
				48052A52B8B092CA5F570B1B /* [CP] Embed Pods Frameworks */,
			);
			buildRules = (
			);
			dependencies = (
			);
			name = Peny;
			productName = Peny;
			productReference = 7C1454E42AD5E3BE00B6E605 /* Peny.app */;
			productType = "com.apple.product-type.application";
		};
/* End PBXNativeTarget section */

/* Begin PBXProject section */
		7C1454DC2AD5E3BE00B6E605 /* Project object */ = {
			isa = PBXProject;
			attributes = {
				BuildIndependentTargetsInParallel = 1;
				LastSwiftUpdateCheck = 1430;
				LastUpgradeCheck = 1430;
				TargetAttributes = {
					7C1454E32AD5E3BE00B6E605 = {
						CreatedOnToolsVersion = 14.3;
					};
				};
			};
			buildConfigurationList = 7C1454DF2AD5E3BE00B6E605 /* Build configuration list for PBXProject "Peny" */;
			compatibilityVersion = "Xcode 14.0";
			developmentRegion = en;
			hasScannedForEncodings = 0;
			knownRegions = (
				en,
				Base,
			);
			mainGroup = 7C1454DB2AD5E3BE00B6E605;
			productRefGroup = 7C1454E52AD5E3BE00B6E605 /* Products */;
			projectDirPath = "";
			projectRoot = "";
			targets = (
				7C1454E32AD5E3BE00B6E605 /* Peny */,
			);
		};
/* End PBXProject section */

/* Begin PBXResourcesBuildPhase section */
		7C1454E22AD5E3BE00B6E605 /* Resources */ = {
			isa = PBXResourcesBuildPhase;
			buildActionMask = 2147483647;
			files = (
				7C1454F42AD5E3BF00B6E605 /* LaunchScreen.storyboard in Resources */,
				7C1454F12AD5E3BF00B6E605 /* Assets.xcassets in Resources */,
			);
			runOnlyForDeploymentPostprocessing = 0;
		};
/* End PBXResourcesBuildPhase section */

/* Begin PBXShellScriptBuildPhase section */
		48052A52B8B092CA5F570B1B /* [CP] Embed Pods Frameworks */ = {
			isa = PBXShellScriptBuildPhase;
			buildActionMask = 2147483647;
			files = (
			);
			inputFileListPaths = (
				"${PODS_ROOT}/Target Support Files/Pods-Peny/Pods-Peny-frameworks-${CONFIGURATION}-input-files.xcfilelist",
			);
			name = "[CP] Embed Pods Frameworks";
			outputFileListPaths = (
				"${PODS_ROOT}/Target Support Files/Pods-Peny/Pods-Peny-frameworks-${CONFIGURATION}-output-files.xcfilelist",
			);
			runOnlyForDeploymentPostprocessing = 0;
			shellPath = /bin/sh;
			shellScript = "\"${PODS_ROOT}/Target Support Files/Pods-Peny/Pods-Peny-frameworks.sh\"\n";
			showEnvVarsInLog = 0;
		};
		5E8151F371014E3E8D11EFA5 /* [CP] Check Pods Manifest.lock */ = {
			isa = PBXShellScriptBuildPhase;
			buildActionMask = 2147483647;
			files = (
			);
			inputFileListPaths = (
			);
			inputPaths = (
				"${PODS_PODFILE_DIR_PATH}/Podfile.lock",
				"${PODS_ROOT}/Manifest.lock",
			);
			name = "[CP] Check Pods Manifest.lock";
			outputFileListPaths = (
			);
			outputPaths = (
				"$(DERIVED_FILE_DIR)/Pods-Peny-checkManifestLockResult.txt",
			);
			runOnlyForDeploymentPostprocessing = 0;
			shellPath = /bin/sh;
			shellScript = "diff \"${PODS_PODFILE_DIR_PATH}/Podfile.lock\" \"${PODS_ROOT}/Manifest.lock\" > /dev/null\nif [ $? != 0 ] ; then\n    # print error to STDERR\n    echo \"error: The sandbox is not in sync with the Podfile.lock. Run 'pod install' or update your CocoaPods installation.\" >&2\n    exit 1\nfi\n# This output is used by Xcode 'outputs' to avoid re-running this script phase.\necho \"SUCCESS\" > \"${SCRIPT_OUTPUT_FILE_0}\"\n";
			showEnvVarsInLog = 0;
		};
/* End PBXShellScriptBuildPhase section */

/* Begin PBXSourcesBuildPhase section */
		7C1454E02AD5E3BE00B6E605 /* Sources */ = {
			isa = PBXSourcesBuildPhase;
			buildActionMask = 2147483647;
			files = (
				7C1455522AE9081800B6E605 /* ViewControllerDemo.swift in Sources */,
				7C6C2E4F2B0FD0A500006430 /* PetButtonCell.swift in Sources */,
				7C1455352AD837FB00B6E605 /* PetTextField.swift in Sources */,
				7C6C2E552B0FE75700006430 /* HeaderMenCell.swift in Sources */,
				7C14553E2ADAE41200B6E605 /* PetFieldsView.swift in Sources */,
				7C14553C2AD93A5A00B6E605 /* PetLoginButtons.swift in Sources */,
				7C6C2EE12B56D4DC00006430 /* AuthCoordinator.swift in Sources */,
				7C6C2E9A2B167A6F00006430 /* GalleryCell.swift in Sources */,
				7CD318862AF6A9C2005329D6 /* PetRegistarationVC.swift in Sources */,
				7C6C2EDC2B56CA9E00006430 /* LoginViewModel.swift in Sources */,
				7C1454EC2AD5E3BE00B6E605 /* PetLoginVC.swift in Sources */,
				7C14554A2AE7F31100B6E605 /* PetLabelTextFieldView.swift in Sources */,
				7C1455C32AEAEC2F00B6E605 /* CoordinatorFactory.swift in Sources */,
				7C1455BE2AEADFD400B6E605 /* FlowController.swift in Sources */,
				7CD318CA2B0400A3005329D6 /* MainInformationCell.swift in Sources */,
				7C6C2EDE2B56CABF00006430 /* RegisterViewModel.swift in Sources */,
				7C6C2E572B0FEDD200006430 /* MenButtonCell.swift in Sources */,
				7C1455B62AEADB8800B6E605 /* Coordinator.swift in Sources */,
				7C6C2ED92B56C92100006430 /* ImageCell.swift in Sources */,
				7CD318822AF45986005329D6 /* RegistrationCell.swift in Sources */,
				7C1454E82AD5E3BE00B6E605 /* AppDelegate.swift in Sources */,
				7C1455C52AEB06CE00B6E605 /* AppCoordinator.swift in Sources */,
				7C1455482AE1CF1B00B6E605 /* RegistrationVC.swift in Sources */,
				7C1455C12AEAE4D000B6E605 /* UserData.swift in Sources */,
				7C1455442AE1A7B200B6E605 /* PetLabelInstructions.swift in Sources */,
				7C1455BC2AEADE2200B6E605 /* ModuleFactory.swift in Sources */,
				7C1455402ADB13A200B6E605 /* PetRestorePasswordVC.swift in Sources */,
				7CD318CC2B040D2D005329D6 /* HeaderPetCell.swift in Sources */,
				7C6C2EE32B5876B900006430 /* RestorePasswordViewModel.swift in Sources */,
				7C6C2E642B15139F00006430 /* LoadImageCell.swift in Sources */,
				7C1455382AD92E6800B6E605 /* PetLabel.swift in Sources */,
				7C1455332AD826F500B6E605 /* PetButton.swift in Sources */,
			);
			runOnlyForDeploymentPostprocessing = 0;
		};
/* End PBXSourcesBuildPhase section */

/* Begin PBXVariantGroup section */
		7C1454F22AD5E3BF00B6E605 /* LaunchScreen.storyboard */ = {
			isa = PBXVariantGroup;
			children = (
				7C1454F32AD5E3BF00B6E605 /* Base */,
			);
			name = LaunchScreen.storyboard;
			sourceTree = "<group>";
		};
/* End PBXVariantGroup section */

/* Begin XCBuildConfiguration section */
		7C1454F62AD5E3BF00B6E605 /* Debug */ = {
			isa = XCBuildConfiguration;
			buildSettings = {
				ALWAYS_SEARCH_USER_PATHS = NO;
				CLANG_ANALYZER_NONNULL = YES;
				CLANG_ANALYZER_NUMBER_OBJECT_CONVERSION = YES_AGGRESSIVE;
				CLANG_CXX_LANGUAGE_STANDARD = "gnu++20";
				CLANG_ENABLE_MODULES = YES;
				CLANG_ENABLE_OBJC_ARC = YES;
				CLANG_ENABLE_OBJC_WEAK = YES;
				CLANG_WARN_BLOCK_CAPTURE_AUTORELEASING = YES;
				CLANG_WARN_BOOL_CONVERSION = YES;
				CLANG_WARN_COMMA = YES;
				CLANG_WARN_CONSTANT_CONVERSION = YES;
				CLANG_WARN_DEPRECATED_OBJC_IMPLEMENTATIONS = YES;
				CLANG_WARN_DIRECT_OBJC_ISA_USAGE = YES_ERROR;
				CLANG_WARN_DOCUMENTATION_COMMENTS = YES;
				CLANG_WARN_EMPTY_BODY = YES;
				CLANG_WARN_ENUM_CONVERSION = YES;
				CLANG_WARN_INFINITE_RECURSION = YES;
				CLANG_WARN_INT_CONVERSION = YES;
				CLANG_WARN_NON_LITERAL_NULL_CONVERSION = YES;
				CLANG_WARN_OBJC_IMPLICIT_RETAIN_SELF = YES;
				CLANG_WARN_OBJC_LITERAL_CONVERSION = YES;
				CLANG_WARN_OBJC_ROOT_CLASS = YES_ERROR;
				CLANG_WARN_QUOTED_INCLUDE_IN_FRAMEWORK_HEADER = YES;
				CLANG_WARN_RANGE_LOOP_ANALYSIS = YES;
				CLANG_WARN_STRICT_PROTOTYPES = YES;
				CLANG_WARN_SUSPICIOUS_MOVE = YES;
				CLANG_WARN_UNGUARDED_AVAILABILITY = YES_AGGRESSIVE;
				CLANG_WARN_UNREACHABLE_CODE = YES;
				CLANG_WARN__DUPLICATE_METHOD_MATCH = YES;
				COPY_PHASE_STRIP = NO;
				DEBUG_INFORMATION_FORMAT = dwarf;
				ENABLE_STRICT_OBJC_MSGSEND = YES;
				ENABLE_TESTABILITY = YES;
				GCC_C_LANGUAGE_STANDARD = gnu11;
				GCC_DYNAMIC_NO_PIC = NO;
				GCC_NO_COMMON_BLOCKS = YES;
				GCC_OPTIMIZATION_LEVEL = 0;
				GCC_PREPROCESSOR_DEFINITIONS = (
					"DEBUG=1",
					"$(inherited)",
				);
				GCC_WARN_64_TO_32_BIT_CONVERSION = YES;
				GCC_WARN_ABOUT_RETURN_TYPE = YES_ERROR;
				GCC_WARN_UNDECLARED_SELECTOR = YES;
				GCC_WARN_UNINITIALIZED_AUTOS = YES_AGGRESSIVE;
				GCC_WARN_UNUSED_FUNCTION = YES;
				GCC_WARN_UNUSED_VARIABLE = YES;
				IPHONEOS_DEPLOYMENT_TARGET = 16.4;
				MTL_ENABLE_DEBUG_INFO = INCLUDE_SOURCE;
				MTL_FAST_MATH = YES;
				ONLY_ACTIVE_ARCH = YES;
				SDKROOT = iphoneos;
				SWIFT_ACTIVE_COMPILATION_CONDITIONS = DEBUG;
				SWIFT_OPTIMIZATION_LEVEL = "-Onone";
			};
			name = Debug;
		};
		7C1454F72AD5E3BF00B6E605 /* Release */ = {
			isa = XCBuildConfiguration;
			buildSettings = {
				ALWAYS_SEARCH_USER_PATHS = NO;
				CLANG_ANALYZER_NONNULL = YES;
				CLANG_ANALYZER_NUMBER_OBJECT_CONVERSION = YES_AGGRESSIVE;
				CLANG_CXX_LANGUAGE_STANDARD = "gnu++20";
				CLANG_ENABLE_MODULES = YES;
				CLANG_ENABLE_OBJC_ARC = YES;
				CLANG_ENABLE_OBJC_WEAK = YES;
				CLANG_WARN_BLOCK_CAPTURE_AUTORELEASING = YES;
				CLANG_WARN_BOOL_CONVERSION = YES;
				CLANG_WARN_COMMA = YES;
				CLANG_WARN_CONSTANT_CONVERSION = YES;
				CLANG_WARN_DEPRECATED_OBJC_IMPLEMENTATIONS = YES;
				CLANG_WARN_DIRECT_OBJC_ISA_USAGE = YES_ERROR;
				CLANG_WARN_DOCUMENTATION_COMMENTS = YES;
				CLANG_WARN_EMPTY_BODY = YES;
				CLANG_WARN_ENUM_CONVERSION = YES;
				CLANG_WARN_INFINITE_RECURSION = YES;
				CLANG_WARN_INT_CONVERSION = YES;
				CLANG_WARN_NON_LITERAL_NULL_CONVERSION = YES;
				CLANG_WARN_OBJC_IMPLICIT_RETAIN_SELF = YES;
				CLANG_WARN_OBJC_LITERAL_CONVERSION = YES;
				CLANG_WARN_OBJC_ROOT_CLASS = YES_ERROR;
				CLANG_WARN_QUOTED_INCLUDE_IN_FRAMEWORK_HEADER = YES;
				CLANG_WARN_RANGE_LOOP_ANALYSIS = YES;
				CLANG_WARN_STRICT_PROTOTYPES = YES;
				CLANG_WARN_SUSPICIOUS_MOVE = YES;
				CLANG_WARN_UNGUARDED_AVAILABILITY = YES_AGGRESSIVE;
				CLANG_WARN_UNREACHABLE_CODE = YES;
				CLANG_WARN__DUPLICATE_METHOD_MATCH = YES;
				COPY_PHASE_STRIP = NO;
				DEBUG_INFORMATION_FORMAT = "dwarf-with-dsym";
				ENABLE_NS_ASSERTIONS = NO;
				ENABLE_STRICT_OBJC_MSGSEND = YES;
				GCC_C_LANGUAGE_STANDARD = gnu11;
				GCC_NO_COMMON_BLOCKS = YES;
				GCC_WARN_64_TO_32_BIT_CONVERSION = YES;
				GCC_WARN_ABOUT_RETURN_TYPE = YES_ERROR;
				GCC_WARN_UNDECLARED_SELECTOR = YES;
				GCC_WARN_UNINITIALIZED_AUTOS = YES_AGGRESSIVE;
				GCC_WARN_UNUSED_FUNCTION = YES;
				GCC_WARN_UNUSED_VARIABLE = YES;
				IPHONEOS_DEPLOYMENT_TARGET = 16.4;
				MTL_ENABLE_DEBUG_INFO = NO;
				MTL_FAST_MATH = YES;
				SDKROOT = iphoneos;
				SWIFT_COMPILATION_MODE = wholemodule;
				SWIFT_OPTIMIZATION_LEVEL = "-O";
				VALIDATE_PRODUCT = YES;
			};
			name = Release;
		};
		7C1454F92AD5E3BF00B6E605 /* Debug */ = {
			isa = XCBuildConfiguration;
			baseConfigurationReference = 656ADF8D29A503ABEDB1C9B7 /* Pods-Peny.debug.xcconfig */;
			buildSettings = {
				ASSETCATALOG_COMPILER_APPICON_NAME = AppIcon;
				ASSETCATALOG_COMPILER_GLOBAL_ACCENT_COLOR_NAME = AccentColor;
				CODE_SIGN_STYLE = Automatic;
				CURRENT_PROJECT_VERSION = 1;
				DEVELOPMENT_TEAM = UR5789539L;
				GENERATE_INFOPLIST_FILE = YES;
				INFOPLIST_FILE = Peny/Info.plist;
				INFOPLIST_KEY_UIApplicationSupportsIndirectInputEvents = YES;
				INFOPLIST_KEY_UILaunchStoryboardName = LaunchScreen;
				INFOPLIST_KEY_UISupportedInterfaceOrientations_iPad = "UIInterfaceOrientationPortrait UIInterfaceOrientationPortraitUpsideDown UIInterfaceOrientationLandscapeLeft UIInterfaceOrientationLandscapeRight";
				INFOPLIST_KEY_UISupportedInterfaceOrientations_iPhone = "UIInterfaceOrientationPortrait UIInterfaceOrientationLandscapeLeft UIInterfaceOrientationLandscapeRight";
				LD_RUNPATH_SEARCH_PATHS = (
					"$(inherited)",
					"@executable_path/Frameworks",
				);
				MARKETING_VERSION = 1.0;
				PRODUCT_BUNDLE_IDENTIFIER = "Yelena-Gorelova.Peny";
				PRODUCT_NAME = "$(TARGET_NAME)";
				SWIFT_EMIT_LOC_STRINGS = YES;
				SWIFT_VERSION = 5.0;
				TARGETED_DEVICE_FAMILY = "1,2";
			};
			name = Debug;
		};
		7C1454FA2AD5E3BF00B6E605 /* Release */ = {
			isa = XCBuildConfiguration;
			baseConfigurationReference = E4A798A8E9CE798D5D30E424 /* Pods-Peny.release.xcconfig */;
			buildSettings = {
				ASSETCATALOG_COMPILER_APPICON_NAME = AppIcon;
				ASSETCATALOG_COMPILER_GLOBAL_ACCENT_COLOR_NAME = AccentColor;
				CODE_SIGN_STYLE = Automatic;
				CURRENT_PROJECT_VERSION = 1;
				DEVELOPMENT_TEAM = UR5789539L;
				GENERATE_INFOPLIST_FILE = YES;
				INFOPLIST_FILE = Peny/Info.plist;
				INFOPLIST_KEY_UIApplicationSupportsIndirectInputEvents = YES;
				INFOPLIST_KEY_UILaunchStoryboardName = LaunchScreen;
				INFOPLIST_KEY_UISupportedInterfaceOrientations_iPad = "UIInterfaceOrientationPortrait UIInterfaceOrientationPortraitUpsideDown UIInterfaceOrientationLandscapeLeft UIInterfaceOrientationLandscapeRight";
				INFOPLIST_KEY_UISupportedInterfaceOrientations_iPhone = "UIInterfaceOrientationPortrait UIInterfaceOrientationLandscapeLeft UIInterfaceOrientationLandscapeRight";
				LD_RUNPATH_SEARCH_PATHS = (
					"$(inherited)",
					"@executable_path/Frameworks",
				);
				MARKETING_VERSION = 1.0;
				PRODUCT_BUNDLE_IDENTIFIER = "Yelena-Gorelova.Peny";
				PRODUCT_NAME = "$(TARGET_NAME)";
				SWIFT_EMIT_LOC_STRINGS = YES;
				SWIFT_VERSION = 5.0;
				TARGETED_DEVICE_FAMILY = "1,2";
			};
			name = Release;
		};
/* End XCBuildConfiguration section */

/* Begin XCConfigurationList section */
		7C1454DF2AD5E3BE00B6E605 /* Build configuration list for PBXProject "Peny" */ = {
			isa = XCConfigurationList;
			buildConfigurations = (
				7C1454F62AD5E3BF00B6E605 /* Debug */,
				7C1454F72AD5E3BF00B6E605 /* Release */,
			);
			defaultConfigurationIsVisible = 0;
			defaultConfigurationName = Release;
		};
		7C1454F82AD5E3BF00B6E605 /* Build configuration list for PBXNativeTarget "Peny" */ = {
			isa = XCConfigurationList;
			buildConfigurations = (
				7C1454F92AD5E3BF00B6E605 /* Debug */,
				7C1454FA2AD5E3BF00B6E605 /* Release */,
			);
			defaultConfigurationIsVisible = 0;
			defaultConfigurationName = Release;
		};
/* End XCConfigurationList section */
	};
	rootObject = 7C1454DC2AD5E3BE00B6E605 /* Project object */;
}
