// !$*UTF8*$!
{
	archiveVersion = 1;
	classes = {
	};
	objectVersion = 56;
	objects = {

/* Begin PBXBuildFile section */
		420489707474D1E65BD00B1C /* Pods_Peny.framework in Frameworks */ = {isa = PBXBuildFile; fileRef = E06A086705A273FAE140E0B7 /* Pods_Peny.framework */; };
		7C1454E82AD5E3BE00B6E605 /* AppDelegate.swift in Sources */ = {isa = PBXBuildFile; fileRef = 7C1454E72AD5E3BE00B6E605 /* AppDelegate.swift */; };
		7C1454EA2AD5E3BE00B6E605 /* SceneDelegate.swift in Sources */ = {isa = PBXBuildFile; fileRef = 7C1454E92AD5E3BE00B6E605 /* SceneDelegate.swift */; };
		7C1454EC2AD5E3BE00B6E605 /* PetLoginVC.swift in Sources */ = {isa = PBXBuildFile; fileRef = 7C1454EB2AD5E3BE00B6E605 /* PetLoginVC.swift */; };
		7C1454F12AD5E3BF00B6E605 /* Assets.xcassets in Resources */ = {isa = PBXBuildFile; fileRef = 7C1454F02AD5E3BF00B6E605 /* Assets.xcassets */; };
		7C1454F42AD5E3BF00B6E605 /* LaunchScreen.storyboard in Resources */ = {isa = PBXBuildFile; fileRef = 7C1454F22AD5E3BF00B6E605 /* LaunchScreen.storyboard */; };
		7C1455332AD826F500B6E605 /* PetButton.swift in Sources */ = {isa = PBXBuildFile; fileRef = 7C1455322AD826F500B6E605 /* PetButton.swift */; };
		7C1455352AD837FB00B6E605 /* PetTextField.swift in Sources */ = {isa = PBXBuildFile; fileRef = 7C1455342AD837FB00B6E605 /* PetTextField.swift */; };
		7C1455382AD92E6800B6E605 /* PetLabel.swift in Sources */ = {isa = PBXBuildFile; fileRef = 7C1455372AD92E6800B6E605 /* PetLabel.swift */; };
		7C14553C2AD93A5A00B6E605 /* PetLoginButtons.swift in Sources */ = {isa = PBXBuildFile; fileRef = 7C14553B2AD93A5A00B6E605 /* PetLoginButtons.swift */; };
		7C14553E2ADAE41200B6E605 /* PetFieldsView.swift in Sources */ = {isa = PBXBuildFile; fileRef = 7C14553D2ADAE41200B6E605 /* PetFieldsView.swift */; };
		7C1455402ADB13A200B6E605 /* PetRestorePasswordVC.swift in Sources */ = {isa = PBXBuildFile; fileRef = 7C14553F2ADB13A200B6E605 /* PetRestorePasswordVC.swift */; };
/* End PBXBuildFile section */

/* Begin PBXFileReference section */
		656ADF8D29A503ABEDB1C9B7 /* Pods-Peny.debug.xcconfig */ = {isa = PBXFileReference; includeInIndex = 1; lastKnownFileType = text.xcconfig; name = "Pods-Peny.debug.xcconfig"; path = "Target Support Files/Pods-Peny/Pods-Peny.debug.xcconfig"; sourceTree = "<group>"; };
		7C1454E42AD5E3BE00B6E605 /* Peny.app */ = {isa = PBXFileReference; explicitFileType = wrapper.application; includeInIndex = 0; path = Peny.app; sourceTree = BUILT_PRODUCTS_DIR; };
		7C1454E72AD5E3BE00B6E605 /* AppDelegate.swift */ = {isa = PBXFileReference; lastKnownFileType = sourcecode.swift; path = AppDelegate.swift; sourceTree = "<group>"; };
		7C1454E92AD5E3BE00B6E605 /* SceneDelegate.swift */ = {isa = PBXFileReference; lastKnownFileType = sourcecode.swift; path = SceneDelegate.swift; sourceTree = "<group>"; };
		7C1454EB2AD5E3BE00B6E605 /* PetLoginVC.swift */ = {isa = PBXFileReference; lastKnownFileType = sourcecode.swift; path = PetLoginVC.swift; sourceTree = "<group>"; };
		7C1454F02AD5E3BF00B6E605 /* Assets.xcassets */ = {isa = PBXFileReference; lastKnownFileType = folder.assetcatalog; path = Assets.xcassets; sourceTree = "<group>"; };
		7C1454F32AD5E3BF00B6E605 /* Base */ = {isa = PBXFileReference; lastKnownFileType = file.storyboard; name = Base; path = Base.lproj/LaunchScreen.storyboard; sourceTree = "<group>"; };
		7C1454F52AD5E3BF00B6E605 /* Info.plist */ = {isa = PBXFileReference; lastKnownFileType = text.plist.xml; path = Info.plist; sourceTree = "<group>"; };
		7C1455322AD826F500B6E605 /* PetButton.swift */ = {isa = PBXFileReference; lastKnownFileType = sourcecode.swift; path = PetButton.swift; sourceTree = "<group>"; };
		7C1455342AD837FB00B6E605 /* PetTextField.swift */ = {isa = PBXFileReference; lastKnownFileType = sourcecode.swift; path = PetTextField.swift; sourceTree = "<group>"; };
		7C1455372AD92E6800B6E605 /* PetLabel.swift */ = {isa = PBXFileReference; lastKnownFileType = sourcecode.swift; path = PetLabel.swift; sourceTree = "<group>"; };
		7C14553B2AD93A5A00B6E605 /* PetLoginButtons.swift */ = {isa = PBXFileReference; lastKnownFileType = sourcecode.swift; path = PetLoginButtons.swift; sourceTree = "<group>"; };
		7C14553D2ADAE41200B6E605 /* PetFieldsView.swift */ = {isa = PBXFileReference; lastKnownFileType = sourcecode.swift; path = PetFieldsView.swift; sourceTree = "<group>"; };
		7C14553F2ADB13A200B6E605 /* PetRestorePasswordVC.swift */ = {isa = PBXFileReference; lastKnownFileType = sourcecode.swift; path = PetRestorePasswordVC.swift; sourceTree = "<group>"; };
		E06A086705A273FAE140E0B7 /* Pods_Peny.framework */ = {isa = PBXFileReference; explicitFileType = wrapper.framework; includeInIndex = 0; path = Pods_Peny.framework; sourceTree = BUILT_PRODUCTS_DIR; };
		E4A798A8E9CE798D5D30E424 /* Pods-Peny.release.xcconfig */ = {isa = PBXFileReference; includeInIndex = 1; lastKnownFileType = text.xcconfig; name = "Pods-Peny.release.xcconfig"; path = "Target Support Files/Pods-Peny/Pods-Peny.release.xcconfig"; sourceTree = "<group>"; };
/* End PBXFileReference section */

/* Begin PBXFrameworksBuildPhase section */
		7C1454E12AD5E3BE00B6E605 /* Frameworks */ = {
			isa = PBXFrameworksBuildPhase;
			buildActionMask = 2147483647;
			files = (
				420489707474D1E65BD00B1C /* Pods_Peny.framework in Frameworks */,
			);
			runOnlyForDeploymentPostprocessing = 0;
		};
/* End PBXFrameworksBuildPhase section */

/* Begin PBXGroup section */
		3452C5CEFB2DB77B3E322505 /* Pods */ = {
			isa = PBXGroup;
			children = (
				656ADF8D29A503ABEDB1C9B7 /* Pods-Peny.debug.xcconfig */,
				E4A798A8E9CE798D5D30E424 /* Pods-Peny.release.xcconfig */,
			);
			path = Pods;
			sourceTree = "<group>";
		};
		3F9954797FE98D31C96B88EC /* Frameworks */ = {
			isa = PBXGroup;
			children = (
				E06A086705A273FAE140E0B7 /* Pods_Peny.framework */,
			);
			name = Frameworks;
			sourceTree = "<group>";
		};
		7C1454DB2AD5E3BE00B6E605 = {
			isa = PBXGroup;
			children = (
				7C1454E62AD5E3BE00B6E605 /* Peny */,
				7C1454E52AD5E3BE00B6E605 /* Products */,
				3452C5CEFB2DB77B3E322505 /* Pods */,
				3F9954797FE98D31C96B88EC /* Frameworks */,
			);
			sourceTree = "<group>";
		};
		7C1454E52AD5E3BE00B6E605 /* Products */ = {
			isa = PBXGroup;
			children = (
				7C1454E42AD5E3BE00B6E605 /* Peny.app */,
			);
			name = Products;
			sourceTree = "<group>";
		};
		7C1454E62AD5E3BE00B6E605 /* Peny */ = {
			isa = PBXGroup;
			children = (
				7C1455362AD83CD600B6E605 /* Resources */,
				7C1455312AD825F300B6E605 /* Custom Views */,
				7C1455302AD825E200B6E605 /* Screens */,
				7C1454F52AD5E3BF00B6E605 /* Info.plist */,
			);
			path = Peny;
			sourceTree = "<group>";
		};
		7C1455302AD825E200B6E605 /* Screens */ = {
			isa = PBXGroup;
			children = (
				7C1454EB2AD5E3BE00B6E605 /* PetLoginVC.swift */,
				7C14553F2ADB13A200B6E605 /* PetRestorePasswordVC.swift */,
			);
			path = Screens;
			sourceTree = "<group>";
		};
		7C1455312AD825F300B6E605 /* Custom Views */ = {
			isa = PBXGroup;
			children = (
				7C1455322AD826F500B6E605 /* PetButton.swift */,
				7C1455342AD837FB00B6E605 /* PetTextField.swift */,
				7C1455372AD92E6800B6E605 /* PetLabel.swift */,
				7C14553B2AD93A5A00B6E605 /* PetLoginButtons.swift */,
				7C14553D2ADAE41200B6E605 /* PetFieldsView.swift */,
			);
			path = "Custom Views";
			sourceTree = "<group>";
		};
		7C1455362AD83CD600B6E605 /* Resources */ = {
			isa = PBXGroup;
			children = (
				7C1454F22AD5E3BF00B6E605 /* LaunchScreen.storyboard */,
				7C1454F02AD5E3BF00B6E605 /* Assets.xcassets */,
				7C1454E92AD5E3BE00B6E605 /* SceneDelegate.swift */,
				7C1454E72AD5E3BE00B6E605 /* AppDelegate.swift */,
			);
			path = Resources;
			sourceTree = "<group>";
		};
/* End PBXGroup section */

/* Begin PBXNativeTarget section */
		7C1454E32AD5E3BE00B6E605 /* Peny */ = {
			isa = PBXNativeTarget;
			buildConfigurationList = 7C1454F82AD5E3BF00B6E605 /* Build configuration list for PBXNativeTarget "Peny" */;
			buildPhases = (
				5E8151F371014E3E8D11EFA5 /* [CP] Check Pods Manifest.lock */,
				7C1454E02AD5E3BE00B6E605 /* Sources */,
				7C1454E12AD5E3BE00B6E605 /* Frameworks */,
				7C1454E22AD5E3BE00B6E605 /* Resources */,
				48052A52B8B092CA5F570B1B /* [CP] Embed Pods Frameworks */,
			);
			buildRules = (
			);
			dependencies = (
			);
			name = Peny;
			productName = Peny;
			productReference = 7C1454E42AD5E3BE00B6E605 /* Peny.app */;
			productType = "com.apple.product-type.application";
		};
/* End PBXNativeTarget section */

/* Begin PBXProject section */
		7C1454DC2AD5E3BE00B6E605 /* Project object */ = {
			isa = PBXProject;
			attributes = {
				BuildIndependentTargetsInParallel = 1;
				LastSwiftUpdateCheck = 1430;
				LastUpgradeCheck = 1430;
				TargetAttributes = {
					7C1454E32AD5E3BE00B6E605 = {
						CreatedOnToolsVersion = 14.3;
					};
				};
			};
			buildConfigurationList = 7C1454DF2AD5E3BE00B6E605 /* Build configuration list for PBXProject "Peny" */;
			compatibilityVersion = "Xcode 14.0";
			developmentRegion = en;
			hasScannedForEncodings = 0;
			knownRegions = (
				en,
				Base,
			);
			mainGroup = 7C1454DB2AD5E3BE00B6E605;
			productRefGroup = 7C1454E52AD5E3BE00B6E605 /* Products */;
			projectDirPath = "";
			projectRoot = "";
			targets = (
				7C1454E32AD5E3BE00B6E605 /* Peny */,
			);
		};
/* End PBXProject section */

/* Begin PBXResourcesBuildPhase section */
		7C1454E22AD5E3BE00B6E605 /* Resources */ = {
			isa = PBXResourcesBuildPhase;
			buildActionMask = 2147483647;
			files = (
				7C1454F42AD5E3BF00B6E605 /* LaunchScreen.storyboard in Resources */,
				7C1454F12AD5E3BF00B6E605 /* Assets.xcassets in Resources */,
			);
			runOnlyForDeploymentPostprocessing = 0;
		};
/* End PBXResourcesBuildPhase section */

/* Begin PBXShellScriptBuildPhase section */
		48052A52B8B092CA5F570B1B /* [CP] Embed Pods Frameworks */ = {
			isa = PBXShellScriptBuildPhase;
			buildActionMask = 2147483647;
			files = (
			);
			inputFileListPaths = (
				"${PODS_ROOT}/Target Support Files/Pods-Peny/Pods-Peny-frameworks-${CONFIGURATION}-input-files.xcfilelist",
			);
			name = "[CP] Embed Pods Frameworks";
			outputFileListPaths = (
				"${PODS_ROOT}/Target Support Files/Pods-Peny/Pods-Peny-frameworks-${CONFIGURATION}-output-files.xcfilelist",
			);
			runOnlyForDeploymentPostprocessing = 0;
			shellPath = /bin/sh;
			shellScript = "\"${PODS_ROOT}/Target Support Files/Pods-Peny/Pods-Peny-frameworks.sh\"\n";
			showEnvVarsInLog = 0;
		};
		5E8151F371014E3E8D11EFA5 /* [CP] Check Pods Manifest.lock */ = {
			isa = PBXShellScriptBuildPhase;
			buildActionMask = 2147483647;
			files = (
			);
			inputFileListPaths = (
			);
			inputPaths = (
				"${PODS_PODFILE_DIR_PATH}/Podfile.lock",
				"${PODS_ROOT}/Manifest.lock",
			);
			name = "[CP] Check Pods Manifest.lock";
			outputFileListPaths = (
			);
			outputPaths = (
				"$(DERIVED_FILE_DIR)/Pods-Peny-checkManifestLockResult.txt",
			);
			runOnlyForDeploymentPostprocessing = 0;
			shellPath = /bin/sh;
			shellScript = "diff \"${PODS_PODFILE_DIR_PATH}/Podfile.lock\" \"${PODS_ROOT}/Manifest.lock\" > /dev/null\nif [ $? != 0 ] ; then\n    # print error to STDERR\n    echo \"error: The sandbox is not in sync with the Podfile.lock. Run 'pod install' or update your CocoaPods installation.\" >&2\n    exit 1\nfi\n# This output is used by Xcode 'outputs' to avoid re-running this script phase.\necho \"SUCCESS\" > \"${SCRIPT_OUTPUT_FILE_0}\"\n";
			showEnvVarsInLog = 0;
		};
/* End PBXShellScriptBuildPhase section */

/* Begin PBXSourcesBuildPhase section */
		7C1454E02AD5E3BE00B6E605 /* Sources */ = {
			isa = PBXSourcesBuildPhase;
			buildActionMask = 2147483647;
			files = (
				7C1455352AD837FB00B6E605 /* PetTextField.swift in Sources */,
				7C14553E2ADAE41200B6E605 /* PetFieldsView.swift in Sources */,
				7C14553C2AD93A5A00B6E605 /* PetLoginButtons.swift in Sources */,
				7C1454EC2AD5E3BE00B6E605 /* PetLoginVC.swift in Sources */,
				7C1454E82AD5E3BE00B6E605 /* AppDelegate.swift in Sources */,
				7C1454EA2AD5E3BE00B6E605 /* SceneDelegate.swift in Sources */,
				7C1455402ADB13A200B6E605 /* PetRestorePasswordVC.swift in Sources */,
				7C1455382AD92E6800B6E605 /* PetLabel.swift in Sources */,
				7C1455332AD826F500B6E605 /* PetButton.swift in Sources */,
			);
			runOnlyForDeploymentPostprocessing = 0;
		};
/* End PBXSourcesBuildPhase section */

/* Begin PBXVariantGroup section */
		7C1454F22AD5E3BF00B6E605 /* LaunchScreen.storyboard */ = {
			isa = PBXVariantGroup;
			children = (
				7C1454F32AD5E3BF00B6E605 /* Base */,
			);
			name = LaunchScreen.storyboard;
			sourceTree = "<group>";
		};
/* End PBXVariantGroup section */

/* Begin XCBuildConfiguration section */
		7C1454F62AD5E3BF00B6E605 /* Debug */ = {
			isa = XCBuildConfiguration;
			buildSettings = {
				ALWAYS_SEARCH_USER_PATHS = NO;
				CLANG_ANALYZER_NONNULL = YES;
				CLANG_ANALYZER_NUMBER_OBJECT_CONVERSION = YES_AGGRESSIVE;
				CLANG_CXX_LANGUAGE_STANDARD = "gnu++20";
				CLANG_ENABLE_MODULES = YES;
				CLANG_ENABLE_OBJC_ARC = YES;
				CLANG_ENABLE_OBJC_WEAK = YES;
				CLANG_WARN_BLOCK_CAPTURE_AUTORELEASING = YES;
				CLANG_WARN_BOOL_CONVERSION = YES;
				CLANG_WARN_COMMA = YES;
				CLANG_WARN_CONSTANT_CONVERSION = YES;
				CLANG_WARN_DEPRECATED_OBJC_IMPLEMENTATIONS = YES;
				CLANG_WARN_DIRECT_OBJC_ISA_USAGE = YES_ERROR;
				CLANG_WARN_DOCUMENTATION_COMMENTS = YES;
				CLANG_WARN_EMPTY_BODY = YES;
				CLANG_WARN_ENUM_CONVERSION = YES;
				CLANG_WARN_INFINITE_RECURSION = YES;
				CLANG_WARN_INT_CONVERSION = YES;
				CLANG_WARN_NON_LITERAL_NULL_CONVERSION = YES;
				CLANG_WARN_OBJC_IMPLICIT_RETAIN_SELF = YES;
				CLANG_WARN_OBJC_LITERAL_CONVERSION = YES;
				CLANG_WARN_OBJC_ROOT_CLASS = YES_ERROR;
				CLANG_WARN_QUOTED_INCLUDE_IN_FRAMEWORK_HEADER = YES;
				CLANG_WARN_RANGE_LOOP_ANALYSIS = YES;
				CLANG_WARN_STRICT_PROTOTYPES = YES;
				CLANG_WARN_SUSPICIOUS_MOVE = YES;
				CLANG_WARN_UNGUARDED_AVAILABILITY = YES_AGGRESSIVE;
				CLANG_WARN_UNREACHABLE_CODE = YES;
				CLANG_WARN__DUPLICATE_METHOD_MATCH = YES;
				COPY_PHASE_STRIP = NO;
				DEBUG_INFORMATION_FORMAT = dwarf;
				ENABLE_STRICT_OBJC_MSGSEND = YES;
				ENABLE_TESTABILITY = YES;
				GCC_C_LANGUAGE_STANDARD = gnu11;
				GCC_DYNAMIC_NO_PIC = NO;
				GCC_NO_COMMON_BLOCKS = YES;
				GCC_OPTIMIZATION_LEVEL = 0;
				GCC_PREPROCESSOR_DEFINITIONS = (
					"DEBUG=1",
					"$(inherited)",
				);
				GCC_WARN_64_TO_32_BIT_CONVERSION = YES;
				GCC_WARN_ABOUT_RETURN_TYPE = YES_ERROR;
				GCC_WARN_UNDECLARED_SELECTOR = YES;
				GCC_WARN_UNINITIALIZED_AUTOS = YES_AGGRESSIVE;
				GCC_WARN_UNUSED_FUNCTION = YES;
				GCC_WARN_UNUSED_VARIABLE = YES;
				IPHONEOS_DEPLOYMENT_TARGET = 16.4;
				MTL_ENABLE_DEBUG_INFO = INCLUDE_SOURCE;
				MTL_FAST_MATH = YES;
				ONLY_ACTIVE_ARCH = YES;
				SDKROOT = iphoneos;
				SWIFT_ACTIVE_COMPILATION_CONDITIONS = DEBUG;
				SWIFT_OPTIMIZATION_LEVEL = "-Onone";
			};
			name = Debug;
		};
		7C1454F72AD5E3BF00B6E605 /* Release */ = {
			isa = XCBuildConfiguration;
			buildSettings = {
				ALWAYS_SEARCH_USER_PATHS = NO;
				CLANG_ANALYZER_NONNULL = YES;
				CLANG_ANALYZER_NUMBER_OBJECT_CONVERSION = YES_AGGRESSIVE;
				CLANG_CXX_LANGUAGE_STANDARD = "gnu++20";
				CLANG_ENABLE_MODULES = YES;
				CLANG_ENABLE_OBJC_ARC = YES;
				CLANG_ENABLE_OBJC_WEAK = YES;
				CLANG_WARN_BLOCK_CAPTURE_AUTORELEASING = YES;
				CLANG_WARN_BOOL_CONVERSION = YES;
				CLANG_WARN_COMMA = YES;
				CLANG_WARN_CONSTANT_CONVERSION = YES;
				CLANG_WARN_DEPRECATED_OBJC_IMPLEMENTATIONS = YES;
				CLANG_WARN_DIRECT_OBJC_ISA_USAGE = YES_ERROR;
				CLANG_WARN_DOCUMENTATION_COMMENTS = YES;
				CLANG_WARN_EMPTY_BODY = YES;
				CLANG_WARN_ENUM_CONVERSION = YES;
				CLANG_WARN_INFINITE_RECURSION = YES;
				CLANG_WARN_INT_CONVERSION = YES;
				CLANG_WARN_NON_LITERAL_NULL_CONVERSION = YES;
				CLANG_WARN_OBJC_IMPLICIT_RETAIN_SELF = YES;
				CLANG_WARN_OBJC_LITERAL_CONVERSION = YES;
				CLANG_WARN_OBJC_ROOT_CLASS = YES_ERROR;
				CLANG_WARN_QUOTED_INCLUDE_IN_FRAMEWORK_HEADER = YES;
				CLANG_WARN_RANGE_LOOP_ANALYSIS = YES;
				CLANG_WARN_STRICT_PROTOTYPES = YES;
				CLANG_WARN_SUSPICIOUS_MOVE = YES;
				CLANG_WARN_UNGUARDED_AVAILABILITY = YES_AGGRESSIVE;
				CLANG_WARN_UNREACHABLE_CODE = YES;
				CLANG_WARN__DUPLICATE_METHOD_MATCH = YES;
				COPY_PHASE_STRIP = NO;
				DEBUG_INFORMATION_FORMAT = "dwarf-with-dsym";
				ENABLE_NS_ASSERTIONS = NO;
				ENABLE_STRICT_OBJC_MSGSEND = YES;
				GCC_C_LANGUAGE_STANDARD = gnu11;
				GCC_NO_COMMON_BLOCKS = YES;
				GCC_WARN_64_TO_32_BIT_CONVERSION = YES;
				GCC_WARN_ABOUT_RETURN_TYPE = YES_ERROR;
				GCC_WARN_UNDECLARED_SELECTOR = YES;
				GCC_WARN_UNINITIALIZED_AUTOS = YES_AGGRESSIVE;
				GCC_WARN_UNUSED_FUNCTION = YES;
				GCC_WARN_UNUSED_VARIABLE = YES;
				IPHONEOS_DEPLOYMENT_TARGET = 16.4;
				MTL_ENABLE_DEBUG_INFO = NO;
				MTL_FAST_MATH = YES;
				SDKROOT = iphoneos;
				SWIFT_COMPILATION_MODE = wholemodule;
				SWIFT_OPTIMIZATION_LEVEL = "-O";
				VALIDATE_PRODUCT = YES;
			};
			name = Release;
		};
		7C1454F92AD5E3BF00B6E605 /* Debug */ = {
			isa = XCBuildConfiguration;
			baseConfigurationReference = 656ADF8D29A503ABEDB1C9B7 /* Pods-Peny.debug.xcconfig */;
			buildSettings = {
				ASSETCATALOG_COMPILER_APPICON_NAME = AppIcon;
				ASSETCATALOG_COMPILER_GLOBAL_ACCENT_COLOR_NAME = AccentColor;
				CODE_SIGN_STYLE = Automatic;
				CURRENT_PROJECT_VERSION = 1;
				DEVELOPMENT_TEAM = DQGB7M9JG9;
				GENERATE_INFOPLIST_FILE = YES;
				INFOPLIST_FILE = Peny/Info.plist;
				INFOPLIST_KEY_UIApplicationSupportsIndirectInputEvents = YES;
				INFOPLIST_KEY_UILaunchStoryboardName = LaunchScreen;
				INFOPLIST_KEY_UISupportedInterfaceOrientations_iPad = "UIInterfaceOrientationPortrait UIInterfaceOrientationPortraitUpsideDown UIInterfaceOrientationLandscapeLeft UIInterfaceOrientationLandscapeRight";
				INFOPLIST_KEY_UISupportedInterfaceOrientations_iPhone = "UIInterfaceOrientationPortrait UIInterfaceOrientationLandscapeLeft UIInterfaceOrientationLandscapeRight";
				LD_RUNPATH_SEARCH_PATHS = (
					"$(inherited)",
					"@executable_path/Frameworks",
				);
				MARKETING_VERSION = 1.0;
				PRODUCT_BUNDLE_IDENTIFIER = "Artem-Gorelov.Peny";
				PRODUCT_NAME = "$(TARGET_NAME)";
				SWIFT_EMIT_LOC_STRINGS = YES;
				SWIFT_VERSION = 5.0;
				TARGETED_DEVICE_FAMILY = "1,2";
			};
			name = Debug;
		};
		7C1454FA2AD5E3BF00B6E605 /* Release */ = {
			isa = XCBuildConfiguration;
			baseConfigurationReference = E4A798A8E9CE798D5D30E424 /* Pods-Peny.release.xcconfig */;
			buildSettings = {
				ASSETCATALOG_COMPILER_APPICON_NAME = AppIcon;
				ASSETCATALOG_COMPILER_GLOBAL_ACCENT_COLOR_NAME = AccentColor;
				CODE_SIGN_STYLE = Automatic;
				CURRENT_PROJECT_VERSION = 1;
				DEVELOPMENT_TEAM = DQGB7M9JG9;
				GENERATE_INFOPLIST_FILE = YES;
				INFOPLIST_FILE = Peny/Info.plist;
				INFOPLIST_KEY_UIApplicationSupportsIndirectInputEvents = YES;
				INFOPLIST_KEY_UILaunchStoryboardName = LaunchScreen;
				INFOPLIST_KEY_UISupportedInterfaceOrientations_iPad = "UIInterfaceOrientationPortrait UIInterfaceOrientationPortraitUpsideDown UIInterfaceOrientationLandscapeLeft UIInterfaceOrientationLandscapeRight";
				INFOPLIST_KEY_UISupportedInterfaceOrientations_iPhone = "UIInterfaceOrientationPortrait UIInterfaceOrientationLandscapeLeft UIInterfaceOrientationLandscapeRight";
				LD_RUNPATH_SEARCH_PATHS = (
					"$(inherited)",
					"@executable_path/Frameworks",
				);
				MARKETING_VERSION = 1.0;
				PRODUCT_BUNDLE_IDENTIFIER = "Artem-Gorelov.Peny";
				PRODUCT_NAME = "$(TARGET_NAME)";
				SWIFT_EMIT_LOC_STRINGS = YES;
				SWIFT_VERSION = 5.0;
				TARGETED_DEVICE_FAMILY = "1,2";
			};
			name = Release;
		};
/* End XCBuildConfiguration section */

/* Begin XCConfigurationList section */
		7C1454DF2AD5E3BE00B6E605 /* Build configuration list for PBXProject "Peny" */ = {
			isa = XCConfigurationList;
			buildConfigurations = (
				7C1454F62AD5E3BF00B6E605 /* Debug */,
				7C1454F72AD5E3BF00B6E605 /* Release */,
			);
			defaultConfigurationIsVisible = 0;
			defaultConfigurationName = Release;
		};
		7C1454F82AD5E3BF00B6E605 /* Build configuration list for PBXNativeTarget "Peny" */ = {
			isa = XCConfigurationList;
			buildConfigurations = (
				7C1454F92AD5E3BF00B6E605 /* Debug */,
				7C1454FA2AD5E3BF00B6E605 /* Release */,
			);
			defaultConfigurationIsVisible = 0;
			defaultConfigurationName = Release;
		};
/* End XCConfigurationList section */
	};
	rootObject = 7C1454DC2AD5E3BE00B6E605 /* Project object */;
}
